
Microsoft Visual Studio Solution File, Format Version 12.00
# Visual Studio Version 17
VisualStudioVersion = 17.13.35828.75 d17.13
MinimumVisualStudioVersion = 10.0.40219.1
Project("{FAE04EC0-301F-11D3-BF4B-00C04F79EFBC}") = "ReconhecimentoFacialApp", "ReconhecimentoFacialApp.csproj", "{4D308B26-B283-4AFD-B5DA-8C2F63329B73}"
EndProject
Global
	GlobalSection(SolutionConfigurationPlatforms) = preSolution
		Debug|Any CPU = Debug|Any CPU
		Release|Any CPU = Release|Any CPU
	EndGlobalSection
	GlobalSection(ProjectConfigurationPlatforms) = postSolution
		{4D308B26-B283-4AFD-B5DA-8C2F63329B73}.Debug|Any CPU.ActiveCfg = Debug|Any CPU
		{4D308B26-B283-4AFD-B5DA-8C2F63329B73}.Debug|Any CPU.Build.0 = Debug|Any CPU
		{4D308B26-B283-4AFD-B5DA-8C2F63329B73}.Release|Any CPU.ActiveCfg = Release|Any CPU
		{4D308B26-B283-4AFD-B5DA-8C2F63329B73}.Release|Any CPU.Build.0 = Release|Any CPU
	EndGlobalSection
	GlobalSection(SolutionProperties) = preSolution
		HideSolutionNode = FALSE
	EndGlobalSection
	GlobalSection(ExtensibilityGlobals) = postSolution
		SolutionGuid = {88959350-0AEA-4F94-9B60-8495A9AA0CE7}
	EndGlobalSection
EndGlobal
